
Microsoft Visual Studio Solution File, Format Version 12.00
# Visual Studio Version 17
VisualStudioVersion = 17.8.34525.116
MinimumVisualStudioVersion = 10.0.40219.1
Project("{9A19103F-16F7-4668-BE54-9A1E7A4F7556}") = "ПриветМир", "HelloApp\ПриветМир.csproj", "{0E289E8B-408E-4190-9AF7-54699DA68C39}"
EndProject
Project("{9A19103F-16F7-4668-BE54-9A1E7A4F7556}") = "ВыводНаКонсоль", "ConsoleInput\ВыводНаКонсоль.csproj", "{03BA3369-7987-4915-84FD-DEAA54BAA307}"
EndProject
Project("{9A19103F-16F7-4668-BE54-9A1E7A4F7556}") = "ЗаменаЗначенийПеременной", "ЗаменаЗначенийПеременной\ЗаменаЗначенийПеременной.csproj", "{CE3B20AA-DC34-4125-B2A8-4F5713375C84}"
EndProject
Project("{9A19103F-16F7-4668-BE54-9A1E7A4F7556}") = "ПреобразованиеТипов", "ПреобразованиеТипов\ПреобразованиеТипов.csproj", "{74040380-76E0-4F2E-AAA6-3B1D19F147CE}"
EndProject
Project("{9A19103F-16F7-4668-BE54-9A1E7A4F7556}") = "АрифметическиеОперации", "АрифметическиеОперации\АрифметическиеОперации.csproj", "{29314E7B-E447-4B60-9C51-348D95E1BE36}"
EndProject
Project("{9A19103F-16F7-4668-BE54-9A1E7A4F7556}") = "ОперацииПрисваивания", "ОперацииПрисваивания\ОперацииПрисваивания.csproj", "{8B311363-5FF0-4362-89B1-F1E4FDA8DBE2}"
EndProject
Project("{9A19103F-16F7-4668-BE54-9A1E7A4F7556}") = "ПреобразованиеБазовыхТиповДанных", "ПреобразованиеБазовыхТиповДанных\ПреобразованиеБазовыхТиповДанных.csproj", "{F361265F-C402-40AD-A4AC-C3B0E299F80D}"
EndProject
Project("{9A19103F-16F7-4668-BE54-9A1E7A4F7556}") = "УсловныеВыражения", "УсловныеВыражения\УсловныеВыражения.csproj", "{F677DA1B-0A83-4B13-8512-64566D03FC11}"
EndProject
Project("{9A19103F-16F7-4668-BE54-9A1E7A4F7556}") = "УсловныеКонструкции", "УсловныеКонструкции\УсловныеКонструкции.csproj", "{F0BFAC80-7BB5-4C02-812E-DA24B95DD512}"
EndProject
Project("{9A19103F-16F7-4668-BE54-9A1E7A4F7556}") = "УсловныеКонструкцииУпражнения", "УсловныеКонструкцииУпражнения\УсловныеКонструкцииУпражнения.csproj", "{2F95F68F-4C7C-4013-ADC1-F068DF682454}"
EndProject
Project("{9A19103F-16F7-4668-BE54-9A1E7A4F7556}") = "Циклы", "Циклы\Циклы.csproj", "{73258D31-EE6E-4454-94EE-55F56DE75C8D}"
EndProject
Project("{9A19103F-16F7-4668-BE54-9A1E7A4F7556}") = "ЦиклыУпражнения", "ЦиклыУпражнения\ЦиклыУпражнения.csproj", "{DC011BAB-E361-4AC8-B6B2-F10F8C81126B}"
EndProject
Project("{9A19103F-16F7-4668-BE54-9A1E7A4F7556}") = "Массивы", "Массивы\Массивы.csproj", "{93F67F70-8A58-4F95-B49D-43757ACAD84B}"
EndProject
Project("{9A19103F-16F7-4668-BE54-9A1E7A4F7556}") = "МассивыУпражнения", "МассивыУпражнения\МассивыУпражнения.csproj", "{70FA511D-A11D-481F-A8AB-9AC7C91EB81F}"
EndProject
Project("{9A19103F-16F7-4668-BE54-9A1E7A4F7556}") = "ЗадачиСМассивами", "ЗадачиСМассивами\ЗадачиСМассивами.csproj", "{62C78720-013F-4D81-847A-C0DDF486D05D}"
EndProject
Project("{9A19103F-16F7-4668-BE54-9A1E7A4F7556}") = "Методы", "Методы\Методы.csproj", "{17F5793E-F91E-4192-8D98-BF9401F189D3}"
EndProject
Project("{9A19103F-16F7-4668-BE54-9A1E7A4F7556}") = "ПараметрыМетодов", "ПараметрыМетодов\ПараметрыМетодов.csproj", "{37606AE4-724E-47BB-B869-00309A81A5B5}"
EndProject
Project("{9A19103F-16F7-4668-BE54-9A1E7A4F7556}") = "ВозвращениеЗначения", "ВозвращениеЗначения\ВозвращениеЗначения.csproj", "{505A2BE5-073D-41F7-85B4-09A40303110E}"
EndProject
Project("{9A19103F-16F7-4668-BE54-9A1E7A4F7556}") = "ПередачаПараметров", "ПередачаПараметров\ПередачаПараметров.csproj", "{340E10A1-F458-4F4D-B750-402AD45D91A4}"
EndProject
Project("{9A19103F-16F7-4668-BE54-9A1E7A4F7556}") = "ВыходныеПараметры", "ВыходныеПараметры\ВыходныеПараметры.csproj", "{2290E735-E18A-48D2-9CE4-A9E99DD7115C}"
EndProject
Project("{9A19103F-16F7-4668-BE54-9A1E7A4F7556}") = "МассивПараметровParams", "МассивПараметровParams\МассивПараметровParams.csproj", "{79E18F15-61EB-414D-A6BC-C71508CE3619}"
EndProject
Project("{9A19103F-16F7-4668-BE54-9A1E7A4F7556}") = "РекурсивныеФункции", "РекурсивныеФункции\РекурсивныеФункции.csproj", "{D5500699-C3A0-466B-A0B3-FF2C4879E331}"
EndProject
Project("{9A19103F-16F7-4668-BE54-9A1E7A4F7556}") = "ЛокальныеФункции", "ЛокальныеФункции\ЛокальныеФункции.csproj", "{DBC336CF-4A86-4C47-AD0A-EDEDCB59FC47}"
EndProject
Project("{9A19103F-16F7-4668-BE54-9A1E7A4F7556}") = "КонструкцияSwitch", "КонструкцияSwitch\КонструкцияSwitch.csproj", "{A12297F8-181F-4564-AC9C-461BDF4591DE}"
EndProject
Project("{9A19103F-16F7-4668-BE54-9A1E7A4F7556}") = "ПеречисленияEnum", "ПеречисленияEnum\ПеречисленияEnum.csproj", "{781A436A-36C1-48C9-B83D-04C1D6A70EDC}"
EndProject
Project("{2150E333-8FDC-42A3-9474-1A3956D46DE8}") = "Глава2", "Глава2", "{465B3AAC-D25F-4D1C-AA9B-7D1D9EC6E86F}"
EndProject
Project("{2150E333-8FDC-42A3-9474-1A3956D46DE8}") = "Глава3", "Глава3", "{1F49190F-EF8C-4E52-A1DE-97FF7C38ADEB}"
EndProject
Project("{9A19103F-16F7-4668-BE54-9A1E7A4F7556}") = "КлассыОбъекты", "КлассыОбъекты\КлассыОбъекты.csproj", "{C917ADBE-E6CE-4023-8F44-76800D223784}"
EndProject
Project("{9A19103F-16F7-4668-BE54-9A1E7A4F7556}") = "КонструкторыИнициализаторыДеконструкторы", "КонструкторыИнициализаторыДеконструкторы\КонструкторыИнициализаторыДеконструкторы.csproj", "{E3525B3B-3202-40AD-B74C-5559D29EBEE2}"
EndProject
Project("{9A19103F-16F7-4668-BE54-9A1E7A4F7556}") = "Структуры", "Структуры\Структуры.csproj", "{51E3889B-E87B-4F5A-BCC7-9FE0EEAE9BBD}"
EndProject
Project("{9A19103F-16F7-4668-BE54-9A1E7A4F7556}") = "ТипыЗначенийСсылочныеТипы", "ТипыЗначенийСсылочныеТипы\ТипыЗначенийСсылочныеТипы.csproj", "{13D2ACCF-B531-45CE-A7F5-69BD57676281}"
EndProject
Project("{9A19103F-16F7-4668-BE54-9A1E7A4F7556}") = "ОбластьВидимости", "ОбластьВидимости\ОбластьВидимости.csproj", "{E75AA14B-6EDD-4746-9B92-2DA64DCB9D63}"
EndProject
Project("{9A19103F-16F7-4668-BE54-9A1E7A4F7556}") = "ПространстваИмен", "ПространстваИмен\ПространстваИмен.csproj", "{B21D763D-8B6F-48DE-92A7-C558EF40009F}"
EndProject
Project("{9A19103F-16F7-4668-BE54-9A1E7A4F7556}") = "Свойства", "Свойства\Свойства.csproj", "{9065690D-9536-4C4F-9AA1-D11977EB2995}"
EndProject
Project("{9A19103F-16F7-4668-BE54-9A1E7A4F7556}") = "ПерегрузкаМетодов", "ПерегрузкаМетодов\ПерегрузкаМетодов.csproj", "{FBF1F3D7-9E14-4D9A-A04A-6F4F823C48C5}"
EndProject
Project("{9A19103F-16F7-4668-BE54-9A1E7A4F7556}") = "СтатическиеЧлены", "СтатическиеЧлены\СтатическиеЧлены.csproj", "{F2700FF4-172E-40EC-A2DB-EC98EE98C107}"
EndProject
Project("{9A19103F-16F7-4668-BE54-9A1E7A4F7556}") = "УстановкаПакетовNuget", "УстановкаПакетовNuget\УстановкаПакетовNuget.csproj", "{907E7BF6-80A9-42E8-8483-32359A3DC1DD}"
EndProject
Project("{9A19103F-16F7-4668-BE54-9A1E7A4F7556}") = "КонстантыПоляСтруктурыДляЧтения", "КонстантыПоляСтруктурыДляЧтения\КонстантыПоляСтруктурыДляЧтения.csproj", "{C59B48E8-67E7-43F8-BBE8-52FA1D04DF63}"
EndProject
Project("{9A19103F-16F7-4668-BE54-9A1E7A4F7556}") = "СсылочныеТипыИNull", "СсылочныеТипыИNull\СсылочныеТипыИNull.csproj", "{6E463353-1CDA-474C-A451-21E52167C793}"
EndProject
Project("{9A19103F-16F7-4668-BE54-9A1E7A4F7556}") = "ЗначимыеТипыИNull", "ЗначимыеТипыИNull\ЗначимыеТипыИNull.csproj", "{4B186271-5F33-42AF-889B-B4AECD7AEC15}"
EndProject
Project("{9A19103F-16F7-4668-BE54-9A1E7A4F7556}") = "ПроверкаНаNull", "ПроверкаНаNull\ПроверкаНаNull.csproj", "{A92BEFE5-C050-413C-AFD3-CFFF8754BD8C}"
EndProject
Project("{9A19103F-16F7-4668-BE54-9A1E7A4F7556}") = "ПсевдонимыТиповИСтатическийИмпорт", "ПсевдонимыТиповИСтатическийИмпорт\ПсевдонимыТиповИСтатическийИмпорт.csproj", "{3CFA6F69-A1C4-4F05-8D54-909C10D2CA82}"
EndProject
Project("{2150E333-8FDC-42A3-9474-1A3956D46DE8}") = "Глава4", "Глава4", "{0EDDC662-FF64-462D-9ECA-20D09F927A46}"
EndProject
Project("{FAE04EC0-301F-11D3-BF4B-00C04F79EFBC}") = "Наследование", "Наследование\Наследование.csproj", "{6FB2FD1F-2584-4C6B-8A2D-83D6144784CD}"
EndProject
Global
	GlobalSection(SolutionConfigurationPlatforms) = preSolution
		Debug|Any CPU = Debug|Any CPU
		Release|Any CPU = Release|Any CPU
	EndGlobalSection
	GlobalSection(ProjectConfigurationPlatforms) = postSolution
		{0E289E8B-408E-4190-9AF7-54699DA68C39}.Debug|Any CPU.ActiveCfg = Debug|Any CPU
		{0E289E8B-408E-4190-9AF7-54699DA68C39}.Debug|Any CPU.Build.0 = Debug|Any CPU
		{0E289E8B-408E-4190-9AF7-54699DA68C39}.Release|Any CPU.ActiveCfg = Release|Any CPU
		{0E289E8B-408E-4190-9AF7-54699DA68C39}.Release|Any CPU.Build.0 = Release|Any CPU
		{03BA3369-7987-4915-84FD-DEAA54BAA307}.Debug|Any CPU.ActiveCfg = Debug|Any CPU
		{03BA3369-7987-4915-84FD-DEAA54BAA307}.Debug|Any CPU.Build.0 = Debug|Any CPU
		{03BA3369-7987-4915-84FD-DEAA54BAA307}.Release|Any CPU.ActiveCfg = Release|Any CPU
		{03BA3369-7987-4915-84FD-DEAA54BAA307}.Release|Any CPU.Build.0 = Release|Any CPU
		{CE3B20AA-DC34-4125-B2A8-4F5713375C84}.Debug|Any CPU.ActiveCfg = Debug|Any CPU
		{CE3B20AA-DC34-4125-B2A8-4F5713375C84}.Debug|Any CPU.Build.0 = Debug|Any CPU
		{CE3B20AA-DC34-4125-B2A8-4F5713375C84}.Release|Any CPU.ActiveCfg = Release|Any CPU
		{CE3B20AA-DC34-4125-B2A8-4F5713375C84}.Release|Any CPU.Build.0 = Release|Any CPU
		{74040380-76E0-4F2E-AAA6-3B1D19F147CE}.Debug|Any CPU.ActiveCfg = Debug|Any CPU
		{74040380-76E0-4F2E-AAA6-3B1D19F147CE}.Debug|Any CPU.Build.0 = Debug|Any CPU
		{74040380-76E0-4F2E-AAA6-3B1D19F147CE}.Release|Any CPU.ActiveCfg = Release|Any CPU
		{74040380-76E0-4F2E-AAA6-3B1D19F147CE}.Release|Any CPU.Build.0 = Release|Any CPU
		{29314E7B-E447-4B60-9C51-348D95E1BE36}.Debug|Any CPU.ActiveCfg = Debug|Any CPU
		{29314E7B-E447-4B60-9C51-348D95E1BE36}.Debug|Any CPU.Build.0 = Debug|Any CPU
		{29314E7B-E447-4B60-9C51-348D95E1BE36}.Release|Any CPU.ActiveCfg = Release|Any CPU
		{29314E7B-E447-4B60-9C51-348D95E1BE36}.Release|Any CPU.Build.0 = Release|Any CPU
		{8B311363-5FF0-4362-89B1-F1E4FDA8DBE2}.Debug|Any CPU.ActiveCfg = Debug|Any CPU
		{8B311363-5FF0-4362-89B1-F1E4FDA8DBE2}.Debug|Any CPU.Build.0 = Debug|Any CPU
		{8B311363-5FF0-4362-89B1-F1E4FDA8DBE2}.Release|Any CPU.ActiveCfg = Release|Any CPU
		{8B311363-5FF0-4362-89B1-F1E4FDA8DBE2}.Release|Any CPU.Build.0 = Release|Any CPU
		{F361265F-C402-40AD-A4AC-C3B0E299F80D}.Debug|Any CPU.ActiveCfg = Debug|Any CPU
		{F361265F-C402-40AD-A4AC-C3B0E299F80D}.Debug|Any CPU.Build.0 = Debug|Any CPU
		{F361265F-C402-40AD-A4AC-C3B0E299F80D}.Release|Any CPU.ActiveCfg = Release|Any CPU
		{F361265F-C402-40AD-A4AC-C3B0E299F80D}.Release|Any CPU.Build.0 = Release|Any CPU
		{F677DA1B-0A83-4B13-8512-64566D03FC11}.Debug|Any CPU.ActiveCfg = Debug|Any CPU
		{F677DA1B-0A83-4B13-8512-64566D03FC11}.Debug|Any CPU.Build.0 = Debug|Any CPU
		{F677DA1B-0A83-4B13-8512-64566D03FC11}.Release|Any CPU.ActiveCfg = Release|Any CPU
		{F677DA1B-0A83-4B13-8512-64566D03FC11}.Release|Any CPU.Build.0 = Release|Any CPU
		{F0BFAC80-7BB5-4C02-812E-DA24B95DD512}.Debug|Any CPU.ActiveCfg = Debug|Any CPU
		{F0BFAC80-7BB5-4C02-812E-DA24B95DD512}.Debug|Any CPU.Build.0 = Debug|Any CPU
		{F0BFAC80-7BB5-4C02-812E-DA24B95DD512}.Release|Any CPU.ActiveCfg = Release|Any CPU
		{F0BFAC80-7BB5-4C02-812E-DA24B95DD512}.Release|Any CPU.Build.0 = Release|Any CPU
		{2F95F68F-4C7C-4013-ADC1-F068DF682454}.Debug|Any CPU.ActiveCfg = Debug|Any CPU
		{2F95F68F-4C7C-4013-ADC1-F068DF682454}.Debug|Any CPU.Build.0 = Debug|Any CPU
		{2F95F68F-4C7C-4013-ADC1-F068DF682454}.Release|Any CPU.ActiveCfg = Release|Any CPU
		{2F95F68F-4C7C-4013-ADC1-F068DF682454}.Release|Any CPU.Build.0 = Release|Any CPU
		{73258D31-EE6E-4454-94EE-55F56DE75C8D}.Debug|Any CPU.ActiveCfg = Debug|Any CPU
		{73258D31-EE6E-4454-94EE-55F56DE75C8D}.Debug|Any CPU.Build.0 = Debug|Any CPU
		{73258D31-EE6E-4454-94EE-55F56DE75C8D}.Release|Any CPU.ActiveCfg = Release|Any CPU
		{73258D31-EE6E-4454-94EE-55F56DE75C8D}.Release|Any CPU.Build.0 = Release|Any CPU
		{DC011BAB-E361-4AC8-B6B2-F10F8C81126B}.Debug|Any CPU.ActiveCfg = Debug|Any CPU
		{DC011BAB-E361-4AC8-B6B2-F10F8C81126B}.Debug|Any CPU.Build.0 = Debug|Any CPU
		{DC011BAB-E361-4AC8-B6B2-F10F8C81126B}.Release|Any CPU.ActiveCfg = Release|Any CPU
		{DC011BAB-E361-4AC8-B6B2-F10F8C81126B}.Release|Any CPU.Build.0 = Release|Any CPU
		{93F67F70-8A58-4F95-B49D-43757ACAD84B}.Debug|Any CPU.ActiveCfg = Debug|Any CPU
		{93F67F70-8A58-4F95-B49D-43757ACAD84B}.Debug|Any CPU.Build.0 = Debug|Any CPU
		{93F67F70-8A58-4F95-B49D-43757ACAD84B}.Release|Any CPU.ActiveCfg = Release|Any CPU
		{93F67F70-8A58-4F95-B49D-43757ACAD84B}.Release|Any CPU.Build.0 = Release|Any CPU
		{70FA511D-A11D-481F-A8AB-9AC7C91EB81F}.Debug|Any CPU.ActiveCfg = Debug|Any CPU
		{70FA511D-A11D-481F-A8AB-9AC7C91EB81F}.Debug|Any CPU.Build.0 = Debug|Any CPU
		{70FA511D-A11D-481F-A8AB-9AC7C91EB81F}.Release|Any CPU.ActiveCfg = Release|Any CPU
		{70FA511D-A11D-481F-A8AB-9AC7C91EB81F}.Release|Any CPU.Build.0 = Release|Any CPU
		{62C78720-013F-4D81-847A-C0DDF486D05D}.Debug|Any CPU.ActiveCfg = Debug|Any CPU
		{62C78720-013F-4D81-847A-C0DDF486D05D}.Debug|Any CPU.Build.0 = Debug|Any CPU
		{62C78720-013F-4D81-847A-C0DDF486D05D}.Release|Any CPU.ActiveCfg = Release|Any CPU
		{62C78720-013F-4D81-847A-C0DDF486D05D}.Release|Any CPU.Build.0 = Release|Any CPU
		{17F5793E-F91E-4192-8D98-BF9401F189D3}.Debug|Any CPU.ActiveCfg = Debug|Any CPU
		{17F5793E-F91E-4192-8D98-BF9401F189D3}.Debug|Any CPU.Build.0 = Debug|Any CPU
		{17F5793E-F91E-4192-8D98-BF9401F189D3}.Release|Any CPU.ActiveCfg = Release|Any CPU
		{17F5793E-F91E-4192-8D98-BF9401F189D3}.Release|Any CPU.Build.0 = Release|Any CPU
		{37606AE4-724E-47BB-B869-00309A81A5B5}.Debug|Any CPU.ActiveCfg = Debug|Any CPU
		{37606AE4-724E-47BB-B869-00309A81A5B5}.Debug|Any CPU.Build.0 = Debug|Any CPU
		{37606AE4-724E-47BB-B869-00309A81A5B5}.Release|Any CPU.ActiveCfg = Release|Any CPU
		{37606AE4-724E-47BB-B869-00309A81A5B5}.Release|Any CPU.Build.0 = Release|Any CPU
		{505A2BE5-073D-41F7-85B4-09A40303110E}.Debug|Any CPU.ActiveCfg = Debug|Any CPU
		{505A2BE5-073D-41F7-85B4-09A40303110E}.Debug|Any CPU.Build.0 = Debug|Any CPU
		{505A2BE5-073D-41F7-85B4-09A40303110E}.Release|Any CPU.ActiveCfg = Release|Any CPU
		{505A2BE5-073D-41F7-85B4-09A40303110E}.Release|Any CPU.Build.0 = Release|Any CPU
		{340E10A1-F458-4F4D-B750-402AD45D91A4}.Debug|Any CPU.ActiveCfg = Debug|Any CPU
		{340E10A1-F458-4F4D-B750-402AD45D91A4}.Debug|Any CPU.Build.0 = Debug|Any CPU
		{340E10A1-F458-4F4D-B750-402AD45D91A4}.Release|Any CPU.ActiveCfg = Release|Any CPU
		{340E10A1-F458-4F4D-B750-402AD45D91A4}.Release|Any CPU.Build.0 = Release|Any CPU
		{2290E735-E18A-48D2-9CE4-A9E99DD7115C}.Debug|Any CPU.ActiveCfg = Debug|Any CPU
		{2290E735-E18A-48D2-9CE4-A9E99DD7115C}.Debug|Any CPU.Build.0 = Debug|Any CPU
		{2290E735-E18A-48D2-9CE4-A9E99DD7115C}.Release|Any CPU.ActiveCfg = Release|Any CPU
		{2290E735-E18A-48D2-9CE4-A9E99DD7115C}.Release|Any CPU.Build.0 = Release|Any CPU
		{79E18F15-61EB-414D-A6BC-C71508CE3619}.Debug|Any CPU.ActiveCfg = Debug|Any CPU
		{79E18F15-61EB-414D-A6BC-C71508CE3619}.Debug|Any CPU.Build.0 = Debug|Any CPU
		{79E18F15-61EB-414D-A6BC-C71508CE3619}.Release|Any CPU.ActiveCfg = Release|Any CPU
		{79E18F15-61EB-414D-A6BC-C71508CE3619}.Release|Any CPU.Build.0 = Release|Any CPU
		{D5500699-C3A0-466B-A0B3-FF2C4879E331}.Debug|Any CPU.ActiveCfg = Debug|Any CPU
		{D5500699-C3A0-466B-A0B3-FF2C4879E331}.Debug|Any CPU.Build.0 = Debug|Any CPU
		{D5500699-C3A0-466B-A0B3-FF2C4879E331}.Release|Any CPU.ActiveCfg = Release|Any CPU
		{D5500699-C3A0-466B-A0B3-FF2C4879E331}.Release|Any CPU.Build.0 = Release|Any CPU
		{DBC336CF-4A86-4C47-AD0A-EDEDCB59FC47}.Debug|Any CPU.ActiveCfg = Debug|Any CPU
		{DBC336CF-4A86-4C47-AD0A-EDEDCB59FC47}.Debug|Any CPU.Build.0 = Debug|Any CPU
		{DBC336CF-4A86-4C47-AD0A-EDEDCB59FC47}.Release|Any CPU.ActiveCfg = Release|Any CPU
		{DBC336CF-4A86-4C47-AD0A-EDEDCB59FC47}.Release|Any CPU.Build.0 = Release|Any CPU
		{A12297F8-181F-4564-AC9C-461BDF4591DE}.Debug|Any CPU.ActiveCfg = Debug|Any CPU
		{A12297F8-181F-4564-AC9C-461BDF4591DE}.Debug|Any CPU.Build.0 = Debug|Any CPU
		{A12297F8-181F-4564-AC9C-461BDF4591DE}.Release|Any CPU.ActiveCfg = Release|Any CPU
		{A12297F8-181F-4564-AC9C-461BDF4591DE}.Release|Any CPU.Build.0 = Release|Any CPU
		{781A436A-36C1-48C9-B83D-04C1D6A70EDC}.Debug|Any CPU.ActiveCfg = Debug|Any CPU
		{781A436A-36C1-48C9-B83D-04C1D6A70EDC}.Debug|Any CPU.Build.0 = Debug|Any CPU
		{781A436A-36C1-48C9-B83D-04C1D6A70EDC}.Release|Any CPU.ActiveCfg = Release|Any CPU
		{781A436A-36C1-48C9-B83D-04C1D6A70EDC}.Release|Any CPU.Build.0 = Release|Any CPU
		{C917ADBE-E6CE-4023-8F44-76800D223784}.Debug|Any CPU.ActiveCfg = Debug|Any CPU
		{C917ADBE-E6CE-4023-8F44-76800D223784}.Debug|Any CPU.Build.0 = Debug|Any CPU
		{C917ADBE-E6CE-4023-8F44-76800D223784}.Release|Any CPU.ActiveCfg = Release|Any CPU
		{C917ADBE-E6CE-4023-8F44-76800D223784}.Release|Any CPU.Build.0 = Release|Any CPU
		{E3525B3B-3202-40AD-B74C-5559D29EBEE2}.Debug|Any CPU.ActiveCfg = Debug|Any CPU
		{E3525B3B-3202-40AD-B74C-5559D29EBEE2}.Debug|Any CPU.Build.0 = Debug|Any CPU
		{E3525B3B-3202-40AD-B74C-5559D29EBEE2}.Release|Any CPU.ActiveCfg = Release|Any CPU
		{E3525B3B-3202-40AD-B74C-5559D29EBEE2}.Release|Any CPU.Build.0 = Release|Any CPU
		{51E3889B-E87B-4F5A-BCC7-9FE0EEAE9BBD}.Debug|Any CPU.ActiveCfg = Debug|Any CPU
		{51E3889B-E87B-4F5A-BCC7-9FE0EEAE9BBD}.Debug|Any CPU.Build.0 = Debug|Any CPU
		{51E3889B-E87B-4F5A-BCC7-9FE0EEAE9BBD}.Release|Any CPU.ActiveCfg = Release|Any CPU
		{51E3889B-E87B-4F5A-BCC7-9FE0EEAE9BBD}.Release|Any CPU.Build.0 = Release|Any CPU
		{13D2ACCF-B531-45CE-A7F5-69BD57676281}.Debug|Any CPU.ActiveCfg = Debug|Any CPU
		{13D2ACCF-B531-45CE-A7F5-69BD57676281}.Debug|Any CPU.Build.0 = Debug|Any CPU
		{13D2ACCF-B531-45CE-A7F5-69BD57676281}.Release|Any CPU.ActiveCfg = Release|Any CPU
		{13D2ACCF-B531-45CE-A7F5-69BD57676281}.Release|Any CPU.Build.0 = Release|Any CPU
		{E75AA14B-6EDD-4746-9B92-2DA64DCB9D63}.Debug|Any CPU.ActiveCfg = Debug|Any CPU
		{E75AA14B-6EDD-4746-9B92-2DA64DCB9D63}.Debug|Any CPU.Build.0 = Debug|Any CPU
		{E75AA14B-6EDD-4746-9B92-2DA64DCB9D63}.Release|Any CPU.ActiveCfg = Release|Any CPU
		{E75AA14B-6EDD-4746-9B92-2DA64DCB9D63}.Release|Any CPU.Build.0 = Release|Any CPU
		{B21D763D-8B6F-48DE-92A7-C558EF40009F}.Debug|Any CPU.ActiveCfg = Debug|Any CPU
		{B21D763D-8B6F-48DE-92A7-C558EF40009F}.Debug|Any CPU.Build.0 = Debug|Any CPU
		{B21D763D-8B6F-48DE-92A7-C558EF40009F}.Release|Any CPU.ActiveCfg = Release|Any CPU
		{B21D763D-8B6F-48DE-92A7-C558EF40009F}.Release|Any CPU.Build.0 = Release|Any CPU
		{9065690D-9536-4C4F-9AA1-D11977EB2995}.Debug|Any CPU.ActiveCfg = Debug|Any CPU
		{9065690D-9536-4C4F-9AA1-D11977EB2995}.Debug|Any CPU.Build.0 = Debug|Any CPU
		{9065690D-9536-4C4F-9AA1-D11977EB2995}.Release|Any CPU.ActiveCfg = Release|Any CPU
		{9065690D-9536-4C4F-9AA1-D11977EB2995}.Release|Any CPU.Build.0 = Release|Any CPU
		{FBF1F3D7-9E14-4D9A-A04A-6F4F823C48C5}.Debug|Any CPU.ActiveCfg = Debug|Any CPU
		{FBF1F3D7-9E14-4D9A-A04A-6F4F823C48C5}.Debug|Any CPU.Build.0 = Debug|Any CPU
		{FBF1F3D7-9E14-4D9A-A04A-6F4F823C48C5}.Release|Any CPU.ActiveCfg = Release|Any CPU
		{FBF1F3D7-9E14-4D9A-A04A-6F4F823C48C5}.Release|Any CPU.Build.0 = Release|Any CPU
		{F2700FF4-172E-40EC-A2DB-EC98EE98C107}.Debug|Any CPU.ActiveCfg = Debug|Any CPU
		{F2700FF4-172E-40EC-A2DB-EC98EE98C107}.Debug|Any CPU.Build.0 = Debug|Any CPU
		{F2700FF4-172E-40EC-A2DB-EC98EE98C107}.Release|Any CPU.ActiveCfg = Release|Any CPU
		{F2700FF4-172E-40EC-A2DB-EC98EE98C107}.Release|Any CPU.Build.0 = Release|Any CPU
		{907E7BF6-80A9-42E8-8483-32359A3DC1DD}.Debug|Any CPU.ActiveCfg = Debug|Any CPU
		{907E7BF6-80A9-42E8-8483-32359A3DC1DD}.Debug|Any CPU.Build.0 = Debug|Any CPU
		{907E7BF6-80A9-42E8-8483-32359A3DC1DD}.Release|Any CPU.ActiveCfg = Release|Any CPU
		{907E7BF6-80A9-42E8-8483-32359A3DC1DD}.Release|Any CPU.Build.0 = Release|Any CPU
		{C59B48E8-67E7-43F8-BBE8-52FA1D04DF63}.Debug|Any CPU.ActiveCfg = Debug|Any CPU
		{C59B48E8-67E7-43F8-BBE8-52FA1D04DF63}.Debug|Any CPU.Build.0 = Debug|Any CPU
		{C59B48E8-67E7-43F8-BBE8-52FA1D04DF63}.Release|Any CPU.ActiveCfg = Release|Any CPU
		{C59B48E8-67E7-43F8-BBE8-52FA1D04DF63}.Release|Any CPU.Build.0 = Release|Any CPU
		{6E463353-1CDA-474C-A451-21E52167C793}.Debug|Any CPU.ActiveCfg = Debug|Any CPU
		{6E463353-1CDA-474C-A451-21E52167C793}.Debug|Any CPU.Build.0 = Debug|Any CPU
		{6E463353-1CDA-474C-A451-21E52167C793}.Release|Any CPU.ActiveCfg = Release|Any CPU
		{6E463353-1CDA-474C-A451-21E52167C793}.Release|Any CPU.Build.0 = Release|Any CPU
		{4B186271-5F33-42AF-889B-B4AECD7AEC15}.Debug|Any CPU.ActiveCfg = Debug|Any CPU
		{4B186271-5F33-42AF-889B-B4AECD7AEC15}.Debug|Any CPU.Build.0 = Debug|Any CPU
		{4B186271-5F33-42AF-889B-B4AECD7AEC15}.Release|Any CPU.ActiveCfg = Release|Any CPU
		{4B186271-5F33-42AF-889B-B4AECD7AEC15}.Release|Any CPU.Build.0 = Release|Any CPU
		{A92BEFE5-C050-413C-AFD3-CFFF8754BD8C}.Debug|Any CPU.ActiveCfg = Debug|Any CPU
		{A92BEFE5-C050-413C-AFD3-CFFF8754BD8C}.Debug|Any CPU.Build.0 = Debug|Any CPU
		{A92BEFE5-C050-413C-AFD3-CFFF8754BD8C}.Release|Any CPU.ActiveCfg = Release|Any CPU
		{A92BEFE5-C050-413C-AFD3-CFFF8754BD8C}.Release|Any CPU.Build.0 = Release|Any CPU
		{3CFA6F69-A1C4-4F05-8D54-909C10D2CA82}.Debug|Any CPU.ActiveCfg = Debug|Any CPU
		{3CFA6F69-A1C4-4F05-8D54-909C10D2CA82}.Debug|Any CPU.Build.0 = Debug|Any CPU
		{3CFA6F69-A1C4-4F05-8D54-909C10D2CA82}.Release|Any CPU.ActiveCfg = Release|Any CPU
		{3CFA6F69-A1C4-4F05-8D54-909C10D2CA82}.Release|Any CPU.Build.0 = Release|Any CPU
		{6FB2FD1F-2584-4C6B-8A2D-83D6144784CD}.Debug|Any CPU.ActiveCfg = Debug|Any CPU
		{6FB2FD1F-2584-4C6B-8A2D-83D6144784CD}.Debug|Any CPU.Build.0 = Debug|Any CPU
		{6FB2FD1F-2584-4C6B-8A2D-83D6144784CD}.Release|Any CPU.ActiveCfg = Release|Any CPU
		{6FB2FD1F-2584-4C6B-8A2D-83D6144784CD}.Release|Any CPU.Build.0 = Release|Any CPU
	EndGlobalSection
	GlobalSection(SolutionProperties) = preSolution
		HideSolutionNode = FALSE
	EndGlobalSection
	GlobalSection(NestedProjects) = preSolution
		{0E289E8B-408E-4190-9AF7-54699DA68C39} = {465B3AAC-D25F-4D1C-AA9B-7D1D9EC6E86F}
		{03BA3369-7987-4915-84FD-DEAA54BAA307} = {465B3AAC-D25F-4D1C-AA9B-7D1D9EC6E86F}
		{CE3B20AA-DC34-4125-B2A8-4F5713375C84} = {465B3AAC-D25F-4D1C-AA9B-7D1D9EC6E86F}
		{74040380-76E0-4F2E-AAA6-3B1D19F147CE} = {465B3AAC-D25F-4D1C-AA9B-7D1D9EC6E86F}
		{29314E7B-E447-4B60-9C51-348D95E1BE36} = {465B3AAC-D25F-4D1C-AA9B-7D1D9EC6E86F}
		{8B311363-5FF0-4362-89B1-F1E4FDA8DBE2} = {465B3AAC-D25F-4D1C-AA9B-7D1D9EC6E86F}
		{F361265F-C402-40AD-A4AC-C3B0E299F80D} = {465B3AAC-D25F-4D1C-AA9B-7D1D9EC6E86F}
		{F677DA1B-0A83-4B13-8512-64566D03FC11} = {465B3AAC-D25F-4D1C-AA9B-7D1D9EC6E86F}
		{F0BFAC80-7BB5-4C02-812E-DA24B95DD512} = {465B3AAC-D25F-4D1C-AA9B-7D1D9EC6E86F}
		{2F95F68F-4C7C-4013-ADC1-F068DF682454} = {465B3AAC-D25F-4D1C-AA9B-7D1D9EC6E86F}
		{73258D31-EE6E-4454-94EE-55F56DE75C8D} = {465B3AAC-D25F-4D1C-AA9B-7D1D9EC6E86F}
		{DC011BAB-E361-4AC8-B6B2-F10F8C81126B} = {465B3AAC-D25F-4D1C-AA9B-7D1D9EC6E86F}
		{93F67F70-8A58-4F95-B49D-43757ACAD84B} = {465B3AAC-D25F-4D1C-AA9B-7D1D9EC6E86F}
		{70FA511D-A11D-481F-A8AB-9AC7C91EB81F} = {465B3AAC-D25F-4D1C-AA9B-7D1D9EC6E86F}
		{62C78720-013F-4D81-847A-C0DDF486D05D} = {465B3AAC-D25F-4D1C-AA9B-7D1D9EC6E86F}
		{17F5793E-F91E-4192-8D98-BF9401F189D3} = {465B3AAC-D25F-4D1C-AA9B-7D1D9EC6E86F}
		{37606AE4-724E-47BB-B869-00309A81A5B5} = {465B3AAC-D25F-4D1C-AA9B-7D1D9EC6E86F}
		{505A2BE5-073D-41F7-85B4-09A40303110E} = {465B3AAC-D25F-4D1C-AA9B-7D1D9EC6E86F}
		{340E10A1-F458-4F4D-B750-402AD45D91A4} = {465B3AAC-D25F-4D1C-AA9B-7D1D9EC6E86F}
		{2290E735-E18A-48D2-9CE4-A9E99DD7115C} = {465B3AAC-D25F-4D1C-AA9B-7D1D9EC6E86F}
		{79E18F15-61EB-414D-A6BC-C71508CE3619} = {465B3AAC-D25F-4D1C-AA9B-7D1D9EC6E86F}
		{D5500699-C3A0-466B-A0B3-FF2C4879E331} = {465B3AAC-D25F-4D1C-AA9B-7D1D9EC6E86F}
		{DBC336CF-4A86-4C47-AD0A-EDEDCB59FC47} = {465B3AAC-D25F-4D1C-AA9B-7D1D9EC6E86F}
		{A12297F8-181F-4564-AC9C-461BDF4591DE} = {465B3AAC-D25F-4D1C-AA9B-7D1D9EC6E86F}
		{781A436A-36C1-48C9-B83D-04C1D6A70EDC} = {465B3AAC-D25F-4D1C-AA9B-7D1D9EC6E86F}
		{C917ADBE-E6CE-4023-8F44-76800D223784} = {1F49190F-EF8C-4E52-A1DE-97FF7C38ADEB}
		{E3525B3B-3202-40AD-B74C-5559D29EBEE2} = {1F49190F-EF8C-4E52-A1DE-97FF7C38ADEB}
		{51E3889B-E87B-4F5A-BCC7-9FE0EEAE9BBD} = {1F49190F-EF8C-4E52-A1DE-97FF7C38ADEB}
		{13D2ACCF-B531-45CE-A7F5-69BD57676281} = {1F49190F-EF8C-4E52-A1DE-97FF7C38ADEB}
		{E75AA14B-6EDD-4746-9B92-2DA64DCB9D63} = {1F49190F-EF8C-4E52-A1DE-97FF7C38ADEB}
		{B21D763D-8B6F-48DE-92A7-C558EF40009F} = {1F49190F-EF8C-4E52-A1DE-97FF7C38ADEB}
		{9065690D-9536-4C4F-9AA1-D11977EB2995} = {1F49190F-EF8C-4E52-A1DE-97FF7C38ADEB}
		{FBF1F3D7-9E14-4D9A-A04A-6F4F823C48C5} = {1F49190F-EF8C-4E52-A1DE-97FF7C38ADEB}
		{F2700FF4-172E-40EC-A2DB-EC98EE98C107} = {1F49190F-EF8C-4E52-A1DE-97FF7C38ADEB}
		{907E7BF6-80A9-42E8-8483-32359A3DC1DD} = {1F49190F-EF8C-4E52-A1DE-97FF7C38ADEB}
		{C59B48E8-67E7-43F8-BBE8-52FA1D04DF63} = {1F49190F-EF8C-4E52-A1DE-97FF7C38ADEB}
		{6E463353-1CDA-474C-A451-21E52167C793} = {1F49190F-EF8C-4E52-A1DE-97FF7C38ADEB}
		{4B186271-5F33-42AF-889B-B4AECD7AEC15} = {1F49190F-EF8C-4E52-A1DE-97FF7C38ADEB}
		{A92BEFE5-C050-413C-AFD3-CFFF8754BD8C} = {1F49190F-EF8C-4E52-A1DE-97FF7C38ADEB}
		{3CFA6F69-A1C4-4F05-8D54-909C10D2CA82} = {1F49190F-EF8C-4E52-A1DE-97FF7C38ADEB}
		{6FB2FD1F-2584-4C6B-8A2D-83D6144784CD} = {0EDDC662-FF64-462D-9ECA-20D09F927A46}
	EndGlobalSection
	GlobalSection(ExtensibilityGlobals) = postSolution
		SolutionGuid = {5025AB72-36E0-4CF5-8A47-FCC3BFB8A1B7}
	EndGlobalSection
EndGlobal
