
Microsoft Visual Studio Solution File, Format Version 12.00
# Visual Studio Version 17
VisualStudioVersion = 17.8.34525.116
MinimumVisualStudioVersion = 10.0.40219.1
Project("{9A19103F-16F7-4668-BE54-9A1E7A4F7556}") = "ПриветМир", "HelloApp\ПриветМир.csproj", "{0E289E8B-408E-4190-9AF7-54699DA68C39}"
EndProject
Project("{9A19103F-16F7-4668-BE54-9A1E7A4F7556}") = "ВыводНаКонсоль", "ConsoleInput\ВыводНаКонсоль.csproj", "{03BA3369-7987-4915-84FD-DEAA54BAA307}"
EndProject
Project("{9A19103F-16F7-4668-BE54-9A1E7A4F7556}") = "ЗаменаЗначенийПеременной", "ЗаменаЗначенийПеременной\ЗаменаЗначенийПеременной.csproj", "{CE3B20AA-DC34-4125-B2A8-4F5713375C84}"
EndProject
Project("{9A19103F-16F7-4668-BE54-9A1E7A4F7556}") = "ПреобразованиеТипов", "ПреобразованиеТипов\ПреобразованиеТипов.csproj", "{74040380-76E0-4F2E-AAA6-3B1D19F147CE}"
EndProject
Project("{9A19103F-16F7-4668-BE54-9A1E7A4F7556}") = "АрифметическиеОперации", "АрифметическиеОперации\АрифметическиеОперации.csproj", "{29314E7B-E447-4B60-9C51-348D95E1BE36}"
EndProject
Project("{9A19103F-16F7-4668-BE54-9A1E7A4F7556}") = "ОперацииПрисваивания", "ОперацииПрисваивания\ОперацииПрисваивания.csproj", "{8B311363-5FF0-4362-89B1-F1E4FDA8DBE2}"
EndProject
Project("{9A19103F-16F7-4668-BE54-9A1E7A4F7556}") = "ПреобразованиеБазовыхТиповДанных", "ПреобразованиеБазовыхТиповДанных\ПреобразованиеБазовыхТиповДанных.csproj", "{F361265F-C402-40AD-A4AC-C3B0E299F80D}"
EndProject
Project("{9A19103F-16F7-4668-BE54-9A1E7A4F7556}") = "УсловныеВыражения", "УсловныеВыражения\УсловныеВыражения.csproj", "{F677DA1B-0A83-4B13-8512-64566D03FC11}"
EndProject
Project("{9A19103F-16F7-4668-BE54-9A1E7A4F7556}") = "УсловныеКонструкции", "УсловныеКонструкции\УсловныеКонструкции.csproj", "{F0BFAC80-7BB5-4C02-812E-DA24B95DD512}"
EndProject
Project("{9A19103F-16F7-4668-BE54-9A1E7A4F7556}") = "УсловныеКонструкцииУпражнения", "УсловныеКонструкцииУпражнения\УсловныеКонструкцииУпражнения.csproj", "{2F95F68F-4C7C-4013-ADC1-F068DF682454}"
EndProject
Project("{9A19103F-16F7-4668-BE54-9A1E7A4F7556}") = "Циклы", "Циклы\Циклы.csproj", "{73258D31-EE6E-4454-94EE-55F56DE75C8D}"
EndProject
Project("{9A19103F-16F7-4668-BE54-9A1E7A4F7556}") = "ЦиклыУпражнения", "ЦиклыУпражнения\ЦиклыУпражнения.csproj", "{DC011BAB-E361-4AC8-B6B2-F10F8C81126B}"
EndProject
Project("{9A19103F-16F7-4668-BE54-9A1E7A4F7556}") = "Массивы", "Массивы\Массивы.csproj", "{93F67F70-8A58-4F95-B49D-43757ACAD84B}"
EndProject
Project("{9A19103F-16F7-4668-BE54-9A1E7A4F7556}") = "МассивыУпражнения", "МассивыУпражнения\МассивыУпражнения.csproj", "{70FA511D-A11D-481F-A8AB-9AC7C91EB81F}"
EndProject
Project("{FAE04EC0-301F-11D3-BF4B-00C04F79EFBC}") = "ЗадачиСМассивами", "ЗадачиСМассивами\ЗадачиСМассивами.csproj", "{62C78720-013F-4D81-847A-C0DDF486D05D}"
EndProject
Global
	GlobalSection(SolutionConfigurationPlatforms) = preSolution
		Debug|Any CPU = Debug|Any CPU
		Release|Any CPU = Release|Any CPU
	EndGlobalSection
	GlobalSection(ProjectConfigurationPlatforms) = postSolution
		{0E289E8B-408E-4190-9AF7-54699DA68C39}.Debug|Any CPU.ActiveCfg = Debug|Any CPU
		{0E289E8B-408E-4190-9AF7-54699DA68C39}.Debug|Any CPU.Build.0 = Debug|Any CPU
		{0E289E8B-408E-4190-9AF7-54699DA68C39}.Release|Any CPU.ActiveCfg = Release|Any CPU
		{0E289E8B-408E-4190-9AF7-54699DA68C39}.Release|Any CPU.Build.0 = Release|Any CPU
		{03BA3369-7987-4915-84FD-DEAA54BAA307}.Debug|Any CPU.ActiveCfg = Debug|Any CPU
		{03BA3369-7987-4915-84FD-DEAA54BAA307}.Debug|Any CPU.Build.0 = Debug|Any CPU
		{03BA3369-7987-4915-84FD-DEAA54BAA307}.Release|Any CPU.ActiveCfg = Release|Any CPU
		{03BA3369-7987-4915-84FD-DEAA54BAA307}.Release|Any CPU.Build.0 = Release|Any CPU
		{CE3B20AA-DC34-4125-B2A8-4F5713375C84}.Debug|Any CPU.ActiveCfg = Debug|Any CPU
		{CE3B20AA-DC34-4125-B2A8-4F5713375C84}.Debug|Any CPU.Build.0 = Debug|Any CPU
		{CE3B20AA-DC34-4125-B2A8-4F5713375C84}.Release|Any CPU.ActiveCfg = Release|Any CPU
		{CE3B20AA-DC34-4125-B2A8-4F5713375C84}.Release|Any CPU.Build.0 = Release|Any CPU
		{74040380-76E0-4F2E-AAA6-3B1D19F147CE}.Debug|Any CPU.ActiveCfg = Debug|Any CPU
		{74040380-76E0-4F2E-AAA6-3B1D19F147CE}.Debug|Any CPU.Build.0 = Debug|Any CPU
		{74040380-76E0-4F2E-AAA6-3B1D19F147CE}.Release|Any CPU.ActiveCfg = Release|Any CPU
		{74040380-76E0-4F2E-AAA6-3B1D19F147CE}.Release|Any CPU.Build.0 = Release|Any CPU
		{29314E7B-E447-4B60-9C51-348D95E1BE36}.Debug|Any CPU.ActiveCfg = Debug|Any CPU
		{29314E7B-E447-4B60-9C51-348D95E1BE36}.Debug|Any CPU.Build.0 = Debug|Any CPU
		{29314E7B-E447-4B60-9C51-348D95E1BE36}.Release|Any CPU.ActiveCfg = Release|Any CPU
		{29314E7B-E447-4B60-9C51-348D95E1BE36}.Release|Any CPU.Build.0 = Release|Any CPU
		{8B311363-5FF0-4362-89B1-F1E4FDA8DBE2}.Debug|Any CPU.ActiveCfg = Debug|Any CPU
		{8B311363-5FF0-4362-89B1-F1E4FDA8DBE2}.Debug|Any CPU.Build.0 = Debug|Any CPU
		{8B311363-5FF0-4362-89B1-F1E4FDA8DBE2}.Release|Any CPU.ActiveCfg = Release|Any CPU
		{8B311363-5FF0-4362-89B1-F1E4FDA8DBE2}.Release|Any CPU.Build.0 = Release|Any CPU
		{F361265F-C402-40AD-A4AC-C3B0E299F80D}.Debug|Any CPU.ActiveCfg = Debug|Any CPU
		{F361265F-C402-40AD-A4AC-C3B0E299F80D}.Debug|Any CPU.Build.0 = Debug|Any CPU
		{F361265F-C402-40AD-A4AC-C3B0E299F80D}.Release|Any CPU.ActiveCfg = Release|Any CPU
		{F361265F-C402-40AD-A4AC-C3B0E299F80D}.Release|Any CPU.Build.0 = Release|Any CPU
		{F677DA1B-0A83-4B13-8512-64566D03FC11}.Debug|Any CPU.ActiveCfg = Debug|Any CPU
		{F677DA1B-0A83-4B13-8512-64566D03FC11}.Debug|Any CPU.Build.0 = Debug|Any CPU
		{F677DA1B-0A83-4B13-8512-64566D03FC11}.Release|Any CPU.ActiveCfg = Release|Any CPU
		{F677DA1B-0A83-4B13-8512-64566D03FC11}.Release|Any CPU.Build.0 = Release|Any CPU
		{F0BFAC80-7BB5-4C02-812E-DA24B95DD512}.Debug|Any CPU.ActiveCfg = Debug|Any CPU
		{F0BFAC80-7BB5-4C02-812E-DA24B95DD512}.Debug|Any CPU.Build.0 = Debug|Any CPU
		{F0BFAC80-7BB5-4C02-812E-DA24B95DD512}.Release|Any CPU.ActiveCfg = Release|Any CPU
		{F0BFAC80-7BB5-4C02-812E-DA24B95DD512}.Release|Any CPU.Build.0 = Release|Any CPU
		{2F95F68F-4C7C-4013-ADC1-F068DF682454}.Debug|Any CPU.ActiveCfg = Debug|Any CPU
		{2F95F68F-4C7C-4013-ADC1-F068DF682454}.Debug|Any CPU.Build.0 = Debug|Any CPU
		{2F95F68F-4C7C-4013-ADC1-F068DF682454}.Release|Any CPU.ActiveCfg = Release|Any CPU
		{2F95F68F-4C7C-4013-ADC1-F068DF682454}.Release|Any CPU.Build.0 = Release|Any CPU
		{73258D31-EE6E-4454-94EE-55F56DE75C8D}.Debug|Any CPU.ActiveCfg = Debug|Any CPU
		{73258D31-EE6E-4454-94EE-55F56DE75C8D}.Debug|Any CPU.Build.0 = Debug|Any CPU
		{73258D31-EE6E-4454-94EE-55F56DE75C8D}.Release|Any CPU.ActiveCfg = Release|Any CPU
		{73258D31-EE6E-4454-94EE-55F56DE75C8D}.Release|Any CPU.Build.0 = Release|Any CPU
		{DC011BAB-E361-4AC8-B6B2-F10F8C81126B}.Debug|Any CPU.ActiveCfg = Debug|Any CPU
		{DC011BAB-E361-4AC8-B6B2-F10F8C81126B}.Debug|Any CPU.Build.0 = Debug|Any CPU
		{DC011BAB-E361-4AC8-B6B2-F10F8C81126B}.Release|Any CPU.ActiveCfg = Release|Any CPU
		{DC011BAB-E361-4AC8-B6B2-F10F8C81126B}.Release|Any CPU.Build.0 = Release|Any CPU
		{93F67F70-8A58-4F95-B49D-43757ACAD84B}.Debug|Any CPU.ActiveCfg = Debug|Any CPU
		{93F67F70-8A58-4F95-B49D-43757ACAD84B}.Debug|Any CPU.Build.0 = Debug|Any CPU
		{93F67F70-8A58-4F95-B49D-43757ACAD84B}.Release|Any CPU.ActiveCfg = Release|Any CPU
		{93F67F70-8A58-4F95-B49D-43757ACAD84B}.Release|Any CPU.Build.0 = Release|Any CPU
		{70FA511D-A11D-481F-A8AB-9AC7C91EB81F}.Debug|Any CPU.ActiveCfg = Debug|Any CPU
		{70FA511D-A11D-481F-A8AB-9AC7C91EB81F}.Debug|Any CPU.Build.0 = Debug|Any CPU
		{70FA511D-A11D-481F-A8AB-9AC7C91EB81F}.Release|Any CPU.ActiveCfg = Release|Any CPU
		{70FA511D-A11D-481F-A8AB-9AC7C91EB81F}.Release|Any CPU.Build.0 = Release|Any CPU
		{62C78720-013F-4D81-847A-C0DDF486D05D}.Debug|Any CPU.ActiveCfg = Debug|Any CPU
		{62C78720-013F-4D81-847A-C0DDF486D05D}.Debug|Any CPU.Build.0 = Debug|Any CPU
		{62C78720-013F-4D81-847A-C0DDF486D05D}.Release|Any CPU.ActiveCfg = Release|Any CPU
		{62C78720-013F-4D81-847A-C0DDF486D05D}.Release|Any CPU.Build.0 = Release|Any CPU
	EndGlobalSection
	GlobalSection(SolutionProperties) = preSolution
		HideSolutionNode = FALSE
	EndGlobalSection
	GlobalSection(ExtensibilityGlobals) = postSolution
		SolutionGuid = {5025AB72-36E0-4CF5-8A47-FCC3BFB8A1B7}
	EndGlobalSection
EndGlobal
