
Microsoft Visual Studio Solution File, Format Version 12.00
# Visual Studio Version 17
VisualStudioVersion = 17.8.34525.116
MinimumVisualStudioVersion = 10.0.40219.1
Project("{9A19103F-16F7-4668-BE54-9A1E7A4F7556}") = "ПриветМир", "HelloApp\ПриветМир.csproj", "{0E289E8B-408E-4190-9AF7-54699DA68C39}"
EndProject
Project("{9A19103F-16F7-4668-BE54-9A1E7A4F7556}") = "ВыводНаКонсоль", "ConsoleInput\ВыводНаКонсоль.csproj", "{03BA3369-7987-4915-84FD-DEAA54BAA307}"
EndProject
Project("{FAE04EC0-301F-11D3-BF4B-00C04F79EFBC}") = "ЗаменаЗначенийПеременной", "ЗаменаЗначенийПеременной\ЗаменаЗначенийПеременной.csproj", "{CE3B20AA-DC34-4125-B2A8-4F5713375C84}"
EndProject
Global
	GlobalSection(SolutionConfigurationPlatforms) = preSolution
		Debug|Any CPU = Debug|Any CPU
		Release|Any CPU = Release|Any CPU
	EndGlobalSection
	GlobalSection(ProjectConfigurationPlatforms) = postSolution
		{0E289E8B-408E-4190-9AF7-54699DA68C39}.Debug|Any CPU.ActiveCfg = Debug|Any CPU
		{0E289E8B-408E-4190-9AF7-54699DA68C39}.Debug|Any CPU.Build.0 = Debug|Any CPU
		{0E289E8B-408E-4190-9AF7-54699DA68C39}.Release|Any CPU.ActiveCfg = Release|Any CPU
		{0E289E8B-408E-4190-9AF7-54699DA68C39}.Release|Any CPU.Build.0 = Release|Any CPU
		{03BA3369-7987-4915-84FD-DEAA54BAA307}.Debug|Any CPU.ActiveCfg = Debug|Any CPU
		{03BA3369-7987-4915-84FD-DEAA54BAA307}.Debug|Any CPU.Build.0 = Debug|Any CPU
		{03BA3369-7987-4915-84FD-DEAA54BAA307}.Release|Any CPU.ActiveCfg = Release|Any CPU
		{03BA3369-7987-4915-84FD-DEAA54BAA307}.Release|Any CPU.Build.0 = Release|Any CPU
		{CE3B20AA-DC34-4125-B2A8-4F5713375C84}.Debug|Any CPU.ActiveCfg = Debug|Any CPU
		{CE3B20AA-DC34-4125-B2A8-4F5713375C84}.Debug|Any CPU.Build.0 = Debug|Any CPU
		{CE3B20AA-DC34-4125-B2A8-4F5713375C84}.Release|Any CPU.ActiveCfg = Release|Any CPU
		{CE3B20AA-DC34-4125-B2A8-4F5713375C84}.Release|Any CPU.Build.0 = Release|Any CPU
	EndGlobalSection
	GlobalSection(SolutionProperties) = preSolution
		HideSolutionNode = FALSE
	EndGlobalSection
	GlobalSection(ExtensibilityGlobals) = postSolution
		SolutionGuid = {5025AB72-36E0-4CF5-8A47-FCC3BFB8A1B7}
	EndGlobalSection
EndGlobal
