
Microsoft Visual Studio Solution File, Format Version 12.00
# Visual Studio Version 17
VisualStudioVersion = 17.6.33829.357
MinimumVisualStudioVersion = 10.0.40219.1
Project("{FAE04EC0-301F-11D3-BF4B-00C04F79EFBC}") = "01Main", "01Main\01Main.csproj", "{0CE7F607-78BC-4FE4-A299-E732BDBA1964}"
EndProject
Project("{9A19103F-16F7-4668-BE54-9A1E7A4F7556}") = "HelloWorld", "HelloWorld\HelloWorld.csproj", "{0BDF95E0-37BF-4427-A396-8EE272DFA96C}"
EndProject
Project("{9A19103F-16F7-4668-BE54-9A1E7A4F7556}") = "DataType", "DataType\DataType.csproj", "{8F78656C-4A6F-49D1-9A5E-BE97FBDCE6F1}"
EndProject
Project("{9A19103F-16F7-4668-BE54-9A1E7A4F7556}") = "ConsoleInput", "ConsoleInput\ConsoleInput.csproj", "{EB92CDFC-A90E-43C5-9933-5993796AA4C1}"
EndProject
Project("{9A19103F-16F7-4668-BE54-9A1E7A4F7556}") = "MathOperations", "MathOperations\MathOperations.csproj", "{873C9D26-1634-4B68-8F17-FB6A6B3A7D2B}"
EndProject
Project("{9A19103F-16F7-4668-BE54-9A1E7A4F7556}") = "TryCatch", "TryCatch\TryCatch.csproj", "{B2087A4C-F234-4A3C-B86B-B66EBD622E0E}"
EndProject
Project("{FAE04EC0-301F-11D3-BF4B-00C04F79EFBC}") = "Ifelseoperations", "Ifelseoperations\Ifelseoperations.csproj", "{B4ACD548-21B3-4153-9AA0-520BDA763EB4}"
EndProject
Global
	GlobalSection(SolutionConfigurationPlatforms) = preSolution
		Debug|Any CPU = Debug|Any CPU
		Release|Any CPU = Release|Any CPU
	EndGlobalSection
	GlobalSection(ProjectConfigurationPlatforms) = postSolution
		{0CE7F607-78BC-4FE4-A299-E732BDBA1964}.Debug|Any CPU.ActiveCfg = Debug|Any CPU
		{0CE7F607-78BC-4FE4-A299-E732BDBA1964}.Debug|Any CPU.Build.0 = Debug|Any CPU
		{0CE7F607-78BC-4FE4-A299-E732BDBA1964}.Release|Any CPU.ActiveCfg = Release|Any CPU
		{0CE7F607-78BC-4FE4-A299-E732BDBA1964}.Release|Any CPU.Build.0 = Release|Any CPU
		{0BDF95E0-37BF-4427-A396-8EE272DFA96C}.Debug|Any CPU.ActiveCfg = Debug|Any CPU
		{0BDF95E0-37BF-4427-A396-8EE272DFA96C}.Debug|Any CPU.Build.0 = Debug|Any CPU
		{0BDF95E0-37BF-4427-A396-8EE272DFA96C}.Release|Any CPU.ActiveCfg = Release|Any CPU
		{0BDF95E0-37BF-4427-A396-8EE272DFA96C}.Release|Any CPU.Build.0 = Release|Any CPU
		{8F78656C-4A6F-49D1-9A5E-BE97FBDCE6F1}.Debug|Any CPU.ActiveCfg = Debug|Any CPU
		{8F78656C-4A6F-49D1-9A5E-BE97FBDCE6F1}.Debug|Any CPU.Build.0 = Debug|Any CPU
		{8F78656C-4A6F-49D1-9A5E-BE97FBDCE6F1}.Release|Any CPU.ActiveCfg = Release|Any CPU
		{8F78656C-4A6F-49D1-9A5E-BE97FBDCE6F1}.Release|Any CPU.Build.0 = Release|Any CPU
		{EB92CDFC-A90E-43C5-9933-5993796AA4C1}.Debug|Any CPU.ActiveCfg = Debug|Any CPU
		{EB92CDFC-A90E-43C5-9933-5993796AA4C1}.Debug|Any CPU.Build.0 = Debug|Any CPU
		{EB92CDFC-A90E-43C5-9933-5993796AA4C1}.Release|Any CPU.ActiveCfg = Release|Any CPU
		{EB92CDFC-A90E-43C5-9933-5993796AA4C1}.Release|Any CPU.Build.0 = Release|Any CPU
		{873C9D26-1634-4B68-8F17-FB6A6B3A7D2B}.Debug|Any CPU.ActiveCfg = Debug|Any CPU
		{873C9D26-1634-4B68-8F17-FB6A6B3A7D2B}.Debug|Any CPU.Build.0 = Debug|Any CPU
		{873C9D26-1634-4B68-8F17-FB6A6B3A7D2B}.Release|Any CPU.ActiveCfg = Release|Any CPU
		{873C9D26-1634-4B68-8F17-FB6A6B3A7D2B}.Release|Any CPU.Build.0 = Release|Any CPU
		{B2087A4C-F234-4A3C-B86B-B66EBD622E0E}.Debug|Any CPU.ActiveCfg = Debug|Any CPU
		{B2087A4C-F234-4A3C-B86B-B66EBD622E0E}.Debug|Any CPU.Build.0 = Debug|Any CPU
		{B2087A4C-F234-4A3C-B86B-B66EBD622E0E}.Release|Any CPU.ActiveCfg = Release|Any CPU
		{B2087A4C-F234-4A3C-B86B-B66EBD622E0E}.Release|Any CPU.Build.0 = Release|Any CPU
		{B4ACD548-21B3-4153-9AA0-520BDA763EB4}.Debug|Any CPU.ActiveCfg = Debug|Any CPU
		{B4ACD548-21B3-4153-9AA0-520BDA763EB4}.Debug|Any CPU.Build.0 = Debug|Any CPU
		{B4ACD548-21B3-4153-9AA0-520BDA763EB4}.Release|Any CPU.ActiveCfg = Release|Any CPU
		{B4ACD548-21B3-4153-9AA0-520BDA763EB4}.Release|Any CPU.Build.0 = Release|Any CPU
	EndGlobalSection
	GlobalSection(SolutionProperties) = preSolution
		HideSolutionNode = FALSE
	EndGlobalSection
	GlobalSection(ExtensibilityGlobals) = postSolution
		SolutionGuid = {4CF7B0E9-882D-43C9-83D3-904C792CE832}
	EndGlobalSection
EndGlobal
